
Microsoft Visual Studio Solution File, Format Version 12.00
# Visual Studio 15
Project("{FAE04EC0-301F-11D3-BF4B-00C04F79EFBC}") = "UnityEngine.TestRunner", "UnityEngine.TestRunner.csproj", "{C8DE85E1-4264-D0AB-FF1A-CFF103432E61}"
EndProject
Project("{FAE04EC0-301F-11D3-BF4B-00C04F79EFBC}") = "Unity.Mathematics", "Unity.Mathematics.csproj", "{B63D3D84-1B00-6A24-C43B-F9F21F928C7E}"
EndProject
Project("{FAE04EC0-301F-11D3-BF4B-00C04F79EFBC}") = "Unity.InputSystem", "Unity.InputSystem.csproj", "{3D020D47-2E2D-B11E-6BC5-5138A32A2A70}"
EndProject
Project("{FAE04EC0-301F-11D3-BF4B-00C04F79EFBC}") = "Unity.VisualScripting.State", "Unity.VisualScripting.State.csproj", "{7471BE79-B678-3A95-25BA-902911F98524}"
EndProject
Project("{FAE04EC0-301F-11D3-BF4B-00C04F79EFBC}") = "Unity.VisualScripting.Core", "Unity.VisualScripting.Core.csproj", "{E3C8C651-B4FF-F469-DCF3-1B0BE53AB9C9}"
EndProject
Project("{FAE04EC0-301F-11D3-BF4B-00C04F79EFBC}") = "Unity.VisualScripting.Flow", "Unity.VisualScripting.Flow.csproj", "{42357470-BD20-D932-AB0F-33B8A6F4FC32}"
EndProject
Project("{FAE04EC0-301F-11D3-BF4B-00C04F79EFBC}") = "Unity.2D.Animation.Runtime", "Unity.2D.Animation.Runtime.csproj", "{187FA502-8380-20B4-125F-D0996DA46F66}"
EndProject
Project("{FAE04EC0-301F-11D3-BF4B-00C04F79EFBC}") = "Unity.TextMeshPro", "Unity.TextMeshPro.csproj", "{9A0144DC-F080-B40A-C3BB-477406A309F7}"
EndProject
Project("{FAE04EC0-301F-11D3-BF4B-00C04F79EFBC}") = "Cinemachine", "Cinemachine.csproj", "{91E36822-D754-DD6C-15C4-ECE87B6DACD0}"
EndProject
Project("{FAE04EC0-301F-11D3-BF4B-00C04F79EFBC}") = "Unity.Timeline", "Unity.Timeline.csproj", "{233B5097-A4B7-97D3-8838-1B620B4F66B1}"
EndProject
Project("{FAE04EC0-301F-11D3-BF4B-00C04F79EFBC}") = "Assembly-CSharp", "Assembly-CSharp.csproj", "{B9C19CDE-E626-3DA9-8F49-EDC4E37B8DAC}"
EndProject
Project("{FAE04EC0-301F-11D3-BF4B-00C04F79EFBC}") = "Unity.2D.SpriteShape.Runtime", "Unity.2D.SpriteShape.Runtime.csproj", "{072BBB72-5349-092B-EEA4-9E970F66B788}"
EndProject
Project("{FAE04EC0-301F-11D3-BF4B-00C04F79EFBC}") = "Unity.2D.Animation.Triangle.Runtime", "Unity.2D.Animation.Triangle.Runtime.csproj", "{852E7718-EF30-1DA7-B7FA-1431082333DE}"
EndProject
Project("{FAE04EC0-301F-11D3-BF4B-00C04F79EFBC}") = "Unity.2D.PixelPerfect", "Unity.2D.PixelPerfect.csproj", "{DF75666F-4802-FFDB-941A-0F668C45C046}"
EndProject
Project("{FAE04EC0-301F-11D3-BF4B-00C04F79EFBC}") = "Unity.2D.IK.Runtime", "Unity.2D.IK.Runtime.csproj", "{AF033EA8-4B68-C480-73C5-936646974646}"
EndProject
Project("{FAE04EC0-301F-11D3-BF4B-00C04F79EFBC}") = "Unity.2D.Tilemap.Extras", "Unity.2D.Tilemap.Extras.csproj", "{C6D045FA-A8E7-8986-0AE6-9436E680A326}"
EndProject
Project("{FAE04EC0-301F-11D3-BF4B-00C04F79EFBC}") = "Unity.2D.Common.Runtime", "Unity.2D.Common.Runtime.csproj", "{9091E13D-73AB-6895-2627-43E811064EE4}"
EndProject
Project("{FAE04EC0-301F-11D3-BF4B-00C04F79EFBC}") = "Unity.InternalAPIEngineBridge.001", "Unity.InternalAPIEngineBridge.001.csproj", "{5434B841-BB46-28A7-05F1-4439AE52E0DD}"
EndProject
Project("{FAE04EC0-301F-11D3-BF4B-00C04F79EFBC}") = "Unity.PlasticSCM.Editor", "Unity.PlasticSCM.Editor.csproj", "{8ECA20CF-5E0D-F2C2-EA0D-E62CC470358A}"
EndProject
Project("{FAE04EC0-301F-11D3-BF4B-00C04F79EFBC}") = "Unity.VisualScripting.Core.Editor", "Unity.VisualScripting.Core.Editor.csproj", "{D9635D51-AAB1-78CC-CD77-9D89E90442E8}"
EndProject
Project("{FAE04EC0-301F-11D3-BF4B-00C04F79EFBC}") = "Unity.VisualStudio.Editor", "Unity.VisualStudio.Editor.csproj", "{4C7DF54D-EA99-F66D-CA67-6008F05C86EC}"
EndProject
Project("{FAE04EC0-301F-11D3-BF4B-00C04F79EFBC}") = "Unity.Timeline.Editor", "Unity.Timeline.Editor.csproj", "{3E124603-2E2C-9D96-E1AF-BF5BE465D20B}"
EndProject
Project("{FAE04EC0-301F-11D3-BF4B-00C04F79EFBC}") = "com.unity.cinemachine.editor", "com.unity.cinemachine.editor.csproj", "{3BF76C62-6252-6F3E-50EA-9069F9E16600}"
EndProject
Project("{FAE04EC0-301F-11D3-BF4B-00C04F79EFBC}") = "Unity.VisualScripting.State.Editor", "Unity.VisualScripting.State.Editor.csproj", "{A4C24572-B0F2-0418-931A-498860996362}"
EndProject
Project("{FAE04EC0-301F-11D3-BF4B-00C04F79EFBC}") = "Unity.TextMeshPro.Editor", "Unity.TextMeshPro.Editor.csproj", "{CB207914-EF8D-E3EB-4833-BD8FD50EFAE7}"
EndProject
Project("{FAE04EC0-301F-11D3-BF4B-00C04F79EFBC}") = "Unity.2D.Animation.Editor", "Unity.2D.Animation.Editor.csproj", "{6F761BB5-70F1-F405-82F9-D47C7311AC3E}"
EndProject
Project("{FAE04EC0-301F-11D3-BF4B-00C04F79EFBC}") = "VSSettingsProvider", "VSSettingsProvider.csproj", "{1BF6894D-370B-688C-1E13-8B4FE5906C6F}"
EndProject
Project("{FAE04EC0-301F-11D3-BF4B-00C04F79EFBC}") = "Unity.CollabProxy.Editor", "Unity.CollabProxy.Editor.csproj", "{BC83F621-F66E-DF22-766E-3D5AA7CC0BF9}"
EndProject
Project("{FAE04EC0-301F-11D3-BF4B-00C04F79EFBC}") = "UnityEditor.TestRunner", "UnityEditor.TestRunner.csproj", "{C6618659-E1B9-982D-92A2-73D89D30489A}"
EndProject
Project("{FAE04EC0-301F-11D3-BF4B-00C04F79EFBC}") = "Unity.VisualScripting.Flow.Editor", "Unity.VisualScripting.Flow.Editor.csproj", "{19E409E3-D1C0-05C2-BD2B-284C85AE72FF}"
EndProject
Project("{FAE04EC0-301F-11D3-BF4B-00C04F79EFBC}") = "Unity.Rider.Editor", "Unity.Rider.Editor.csproj", "{D0583B30-FC15-BA41-1BE6-38AEB4D4CE59}"
EndProject
Project("{FAE04EC0-301F-11D3-BF4B-00C04F79EFBC}") = "Unity.2D.Path.Editor", "Unity.2D.Path.Editor.csproj", "{8BFFC246-E5CF-504E-802A-112A62AD23FA}"
EndProject
Project("{FAE04EC0-301F-11D3-BF4B-00C04F79EFBC}") = "PsdPlugin", "PsdPlugin.csproj", "{E1F9C90B-8035-84DF-B722-9946CF7FB3B2}"
EndProject
Project("{FAE04EC0-301F-11D3-BF4B-00C04F79EFBC}") = "Unity.2D.IK.Editor", "Unity.2D.IK.Editor.csproj", "{327292F9-E5E4-7127-E84B-CAA78D415A1D}"
EndProject
Project("{FAE04EC0-301F-11D3-BF4B-00C04F79EFBC}") = "Unity.2D.Psdimporter.Editor", "Unity.2D.Psdimporter.Editor.csproj", "{D5DE87F3-4DB0-1B32-DCDE-178DF6A2A1BF}"
EndProject
Project("{FAE04EC0-301F-11D3-BF4B-00C04F79EFBC}") = "Unity.2D.SpriteShape.Editor", "Unity.2D.SpriteShape.Editor.csproj", "{8B04D994-678F-E876-7BC6-2E8BFB2111A6}"
EndProject
Project("{FAE04EC0-301F-11D3-BF4B-00C04F79EFBC}") = "Unity.2D.PixelPerfect.Editor", "Unity.2D.PixelPerfect.Editor.csproj", "{459EDEFD-62DD-75FF-75B4-EEC636E4E1BC}"
EndProject
Project("{FAE04EC0-301F-11D3-BF4B-00C04F79EFBC}") = "Unity.VSCode.Editor", "Unity.VSCode.Editor.csproj", "{32F22AB8-1815-4923-875D-A916B548D475}"
EndProject
Project("{FAE04EC0-301F-11D3-BF4B-00C04F79EFBC}") = "Unity.Mathematics.Editor", "Unity.Mathematics.Editor.csproj", "{D9E0D450-0A16-F5F3-F3D9-71FF67AA8C32}"
EndProject
Project("{FAE04EC0-301F-11D3-BF4B-00C04F79EFBC}") = "Unity.2D.Common.Editor", "Unity.2D.Common.Editor.csproj", "{5166D153-7A23-EA6C-8ACA-4A46F88C4157}"
EndProject
Project("{FAE04EC0-301F-11D3-BF4B-00C04F79EFBC}") = "Unity.2D.Tilemap.Extras.Editor", "Unity.2D.Tilemap.Extras.Editor.csproj", "{8E7A4A78-1E5E-5647-A961-6C119E665674}"
EndProject
Project("{FAE04EC0-301F-11D3-BF4B-00C04F79EFBC}") = "Unity.InternalAPIEditorBridge.001", "Unity.InternalAPIEditorBridge.001.csproj", "{88EFBFC0-6A2D-B557-AFAE-001F4851DF58}"
EndProject
Global
	GlobalSection(SolutionConfigurationPlatforms) = preSolution
		Debug|Any CPU = Debug|Any CPU
		Release|Any CPU = Release|Any CPU
	EndGlobalSection
	GlobalSection(ProjectConfigurationPlatforms) = postSolution
		{C8DE85E1-4264-D0AB-FF1A-CFF103432E61}.Debug|Any CPU.ActiveCfg = Debug|Any CPU
		{C8DE85E1-4264-D0AB-FF1A-CFF103432E61}.Debug|Any CPU.Build.0 = Debug|Any CPU
		{C8DE85E1-4264-D0AB-FF1A-CFF103432E61}.Release|Any CPU.ActiveCfg = Release|Any CPU
		{C8DE85E1-4264-D0AB-FF1A-CFF103432E61}.Release|Any CPU.Build.0 = Release|Any CPU
		{B63D3D84-1B00-6A24-C43B-F9F21F928C7E}.Debug|Any CPU.ActiveCfg = Debug|Any CPU
		{B63D3D84-1B00-6A24-C43B-F9F21F928C7E}.Debug|Any CPU.Build.0 = Debug|Any CPU
		{B63D3D84-1B00-6A24-C43B-F9F21F928C7E}.Release|Any CPU.ActiveCfg = Release|Any CPU
		{B63D3D84-1B00-6A24-C43B-F9F21F928C7E}.Release|Any CPU.Build.0 = Release|Any CPU
		{3D020D47-2E2D-B11E-6BC5-5138A32A2A70}.Debug|Any CPU.ActiveCfg = Debug|Any CPU
		{3D020D47-2E2D-B11E-6BC5-5138A32A2A70}.Debug|Any CPU.Build.0 = Debug|Any CPU
		{3D020D47-2E2D-B11E-6BC5-5138A32A2A70}.Release|Any CPU.ActiveCfg = Release|Any CPU
		{3D020D47-2E2D-B11E-6BC5-5138A32A2A70}.Release|Any CPU.Build.0 = Release|Any CPU
		{7471BE79-B678-3A95-25BA-902911F98524}.Debug|Any CPU.ActiveCfg = Debug|Any CPU
		{7471BE79-B678-3A95-25BA-902911F98524}.Debug|Any CPU.Build.0 = Debug|Any CPU
		{7471BE79-B678-3A95-25BA-902911F98524}.Release|Any CPU.ActiveCfg = Release|Any CPU
		{7471BE79-B678-3A95-25BA-902911F98524}.Release|Any CPU.Build.0 = Release|Any CPU
		{E3C8C651-B4FF-F469-DCF3-1B0BE53AB9C9}.Debug|Any CPU.ActiveCfg = Debug|Any CPU
		{E3C8C651-B4FF-F469-DCF3-1B0BE53AB9C9}.Debug|Any CPU.Build.0 = Debug|Any CPU
		{E3C8C651-B4FF-F469-DCF3-1B0BE53AB9C9}.Release|Any CPU.ActiveCfg = Release|Any CPU
		{E3C8C651-B4FF-F469-DCF3-1B0BE53AB9C9}.Release|Any CPU.Build.0 = Release|Any CPU
		{42357470-BD20-D932-AB0F-33B8A6F4FC32}.Debug|Any CPU.ActiveCfg = Debug|Any CPU
		{42357470-BD20-D932-AB0F-33B8A6F4FC32}.Debug|Any CPU.Build.0 = Debug|Any CPU
		{42357470-BD20-D932-AB0F-33B8A6F4FC32}.Release|Any CPU.ActiveCfg = Release|Any CPU
		{42357470-BD20-D932-AB0F-33B8A6F4FC32}.Release|Any CPU.Build.0 = Release|Any CPU
		{187FA502-8380-20B4-125F-D0996DA46F66}.Debug|Any CPU.ActiveCfg = Debug|Any CPU
		{187FA502-8380-20B4-125F-D0996DA46F66}.Debug|Any CPU.Build.0 = Debug|Any CPU
		{187FA502-8380-20B4-125F-D0996DA46F66}.Release|Any CPU.ActiveCfg = Release|Any CPU
		{187FA502-8380-20B4-125F-D0996DA46F66}.Release|Any CPU.Build.0 = Release|Any CPU
		{9A0144DC-F080-B40A-C3BB-477406A309F7}.Debug|Any CPU.ActiveCfg = Debug|Any CPU
		{9A0144DC-F080-B40A-C3BB-477406A309F7}.Debug|Any CPU.Build.0 = Debug|Any CPU
		{9A0144DC-F080-B40A-C3BB-477406A309F7}.Release|Any CPU.ActiveCfg = Release|Any CPU
		{9A0144DC-F080-B40A-C3BB-477406A309F7}.Release|Any CPU.Build.0 = Release|Any CPU
		{91E36822-D754-DD6C-15C4-ECE87B6DACD0}.Debug|Any CPU.ActiveCfg = Debug|Any CPU
		{91E36822-D754-DD6C-15C4-ECE87B6DACD0}.Debug|Any CPU.Build.0 = Debug|Any CPU
		{91E36822-D754-DD6C-15C4-ECE87B6DACD0}.Release|Any CPU.ActiveCfg = Release|Any CPU
		{91E36822-D754-DD6C-15C4-ECE87B6DACD0}.Release|Any CPU.Build.0 = Release|Any CPU
		{233B5097-A4B7-97D3-8838-1B620B4F66B1}.Debug|Any CPU.ActiveCfg = Debug|Any CPU
		{233B5097-A4B7-97D3-8838-1B620B4F66B1}.Debug|Any CPU.Build.0 = Debug|Any CPU
		{233B5097-A4B7-97D3-8838-1B620B4F66B1}.Release|Any CPU.ActiveCfg = Release|Any CPU
		{233B5097-A4B7-97D3-8838-1B620B4F66B1}.Release|Any CPU.Build.0 = Release|Any CPU
		{B9C19CDE-E626-3DA9-8F49-EDC4E37B8DAC}.Debug|Any CPU.ActiveCfg = Debug|Any CPU
		{B9C19CDE-E626-3DA9-8F49-EDC4E37B8DAC}.Debug|Any CPU.Build.0 = Debug|Any CPU
		{B9C19CDE-E626-3DA9-8F49-EDC4E37B8DAC}.Release|Any CPU.ActiveCfg = Release|Any CPU
		{B9C19CDE-E626-3DA9-8F49-EDC4E37B8DAC}.Release|Any CPU.Build.0 = Release|Any CPU
		{072BBB72-5349-092B-EEA4-9E970F66B788}.Debug|Any CPU.ActiveCfg = Debug|Any CPU
		{072BBB72-5349-092B-EEA4-9E970F66B788}.Debug|Any CPU.Build.0 = Debug|Any CPU
		{072BBB72-5349-092B-EEA4-9E970F66B788}.Release|Any CPU.ActiveCfg = Release|Any CPU
		{072BBB72-5349-092B-EEA4-9E970F66B788}.Release|Any CPU.Build.0 = Release|Any CPU
		{852E7718-EF30-1DA7-B7FA-1431082333DE}.Debug|Any CPU.ActiveCfg = Debug|Any CPU
		{852E7718-EF30-1DA7-B7FA-1431082333DE}.Debug|Any CPU.Build.0 = Debug|Any CPU
		{852E7718-EF30-1DA7-B7FA-1431082333DE}.Release|Any CPU.ActiveCfg = Release|Any CPU
		{852E7718-EF30-1DA7-B7FA-1431082333DE}.Release|Any CPU.Build.0 = Release|Any CPU
		{DF75666F-4802-FFDB-941A-0F668C45C046}.Debug|Any CPU.ActiveCfg = Debug|Any CPU
		{DF75666F-4802-FFDB-941A-0F668C45C046}.Debug|Any CPU.Build.0 = Debug|Any CPU
		{DF75666F-4802-FFDB-941A-0F668C45C046}.Release|Any CPU.ActiveCfg = Release|Any CPU
		{DF75666F-4802-FFDB-941A-0F668C45C046}.Release|Any CPU.Build.0 = Release|Any CPU
		{AF033EA8-4B68-C480-73C5-936646974646}.Debug|Any CPU.ActiveCfg = Debug|Any CPU
		{AF033EA8-4B68-C480-73C5-936646974646}.Debug|Any CPU.Build.0 = Debug|Any CPU
		{AF033EA8-4B68-C480-73C5-936646974646}.Release|Any CPU.ActiveCfg = Release|Any CPU
		{AF033EA8-4B68-C480-73C5-936646974646}.Release|Any CPU.Build.0 = Release|Any CPU
		{C6D045FA-A8E7-8986-0AE6-9436E680A326}.Debug|Any CPU.ActiveCfg = Debug|Any CPU
		{C6D045FA-A8E7-8986-0AE6-9436E680A326}.Debug|Any CPU.Build.0 = Debug|Any CPU
		{C6D045FA-A8E7-8986-0AE6-9436E680A326}.Release|Any CPU.ActiveCfg = Release|Any CPU
		{C6D045FA-A8E7-8986-0AE6-9436E680A326}.Release|Any CPU.Build.0 = Release|Any CPU
		{9091E13D-73AB-6895-2627-43E811064EE4}.Debug|Any CPU.ActiveCfg = Debug|Any CPU
		{9091E13D-73AB-6895-2627-43E811064EE4}.Debug|Any CPU.Build.0 = Debug|Any CPU
		{9091E13D-73AB-6895-2627-43E811064EE4}.Release|Any CPU.ActiveCfg = Release|Any CPU
		{9091E13D-73AB-6895-2627-43E811064EE4}.Release|Any CPU.Build.0 = Release|Any CPU
		{5434B841-BB46-28A7-05F1-4439AE52E0DD}.Debug|Any CPU.ActiveCfg = Debug|Any CPU
		{5434B841-BB46-28A7-05F1-4439AE52E0DD}.Debug|Any CPU.Build.0 = Debug|Any CPU
		{5434B841-BB46-28A7-05F1-4439AE52E0DD}.Release|Any CPU.ActiveCfg = Release|Any CPU
		{5434B841-BB46-28A7-05F1-4439AE52E0DD}.Release|Any CPU.Build.0 = Release|Any CPU
		{8ECA20CF-5E0D-F2C2-EA0D-E62CC470358A}.Debug|Any CPU.ActiveCfg = Debug|Any CPU
		{8ECA20CF-5E0D-F2C2-EA0D-E62CC470358A}.Debug|Any CPU.Build.0 = Debug|Any CPU
		{8ECA20CF-5E0D-F2C2-EA0D-E62CC470358A}.Release|Any CPU.ActiveCfg = Release|Any CPU
		{8ECA20CF-5E0D-F2C2-EA0D-E62CC470358A}.Release|Any CPU.Build.0 = Release|Any CPU
		{D9635D51-AAB1-78CC-CD77-9D89E90442E8}.Debug|Any CPU.ActiveCfg = Debug|Any CPU
		{D9635D51-AAB1-78CC-CD77-9D89E90442E8}.Debug|Any CPU.Build.0 = Debug|Any CPU
		{D9635D51-AAB1-78CC-CD77-9D89E90442E8}.Release|Any CPU.ActiveCfg = Release|Any CPU
		{D9635D51-AAB1-78CC-CD77-9D89E90442E8}.Release|Any CPU.Build.0 = Release|Any CPU
		{4C7DF54D-EA99-F66D-CA67-6008F05C86EC}.Debug|Any CPU.ActiveCfg = Debug|Any CPU
		{4C7DF54D-EA99-F66D-CA67-6008F05C86EC}.Debug|Any CPU.Build.0 = Debug|Any CPU
		{4C7DF54D-EA99-F66D-CA67-6008F05C86EC}.Release|Any CPU.ActiveCfg = Release|Any CPU
		{4C7DF54D-EA99-F66D-CA67-6008F05C86EC}.Release|Any CPU.Build.0 = Release|Any CPU
		{3E124603-2E2C-9D96-E1AF-BF5BE465D20B}.Debug|Any CPU.ActiveCfg = Debug|Any CPU
		{3E124603-2E2C-9D96-E1AF-BF5BE465D20B}.Debug|Any CPU.Build.0 = Debug|Any CPU
		{3E124603-2E2C-9D96-E1AF-BF5BE465D20B}.Release|Any CPU.ActiveCfg = Release|Any CPU
		{3E124603-2E2C-9D96-E1AF-BF5BE465D20B}.Release|Any CPU.Build.0 = Release|Any CPU
		{3BF76C62-6252-6F3E-50EA-9069F9E16600}.Debug|Any CPU.ActiveCfg = Debug|Any CPU
		{3BF76C62-6252-6F3E-50EA-9069F9E16600}.Debug|Any CPU.Build.0 = Debug|Any CPU
		{3BF76C62-6252-6F3E-50EA-9069F9E16600}.Release|Any CPU.ActiveCfg = Release|Any CPU
		{3BF76C62-6252-6F3E-50EA-9069F9E16600}.Release|Any CPU.Build.0 = Release|Any CPU
		{A4C24572-B0F2-0418-931A-498860996362}.Debug|Any CPU.ActiveCfg = Debug|Any CPU
		{A4C24572-B0F2-0418-931A-498860996362}.Debug|Any CPU.Build.0 = Debug|Any CPU
		{A4C24572-B0F2-0418-931A-498860996362}.Release|Any CPU.ActiveCfg = Release|Any CPU
		{A4C24572-B0F2-0418-931A-498860996362}.Release|Any CPU.Build.0 = Release|Any CPU
		{CB207914-EF8D-E3EB-4833-BD8FD50EFAE7}.Debug|Any CPU.ActiveCfg = Debug|Any CPU
		{CB207914-EF8D-E3EB-4833-BD8FD50EFAE7}.Debug|Any CPU.Build.0 = Debug|Any CPU
		{CB207914-EF8D-E3EB-4833-BD8FD50EFAE7}.Release|Any CPU.ActiveCfg = Release|Any CPU
		{CB207914-EF8D-E3EB-4833-BD8FD50EFAE7}.Release|Any CPU.Build.0 = Release|Any CPU
		{6F761BB5-70F1-F405-82F9-D47C7311AC3E}.Debug|Any CPU.ActiveCfg = Debug|Any CPU
		{6F761BB5-70F1-F405-82F9-D47C7311AC3E}.Debug|Any CPU.Build.0 = Debug|Any CPU
		{6F761BB5-70F1-F405-82F9-D47C7311AC3E}.Release|Any CPU.ActiveCfg = Release|Any CPU
		{6F761BB5-70F1-F405-82F9-D47C7311AC3E}.Release|Any CPU.Build.0 = Release|Any CPU
		{1BF6894D-370B-688C-1E13-8B4FE5906C6F}.Debug|Any CPU.ActiveCfg = Debug|Any CPU
		{1BF6894D-370B-688C-1E13-8B4FE5906C6F}.Debug|Any CPU.Build.0 = Debug|Any CPU
		{1BF6894D-370B-688C-1E13-8B4FE5906C6F}.Release|Any CPU.ActiveCfg = Release|Any CPU
		{1BF6894D-370B-688C-1E13-8B4FE5906C6F}.Release|Any CPU.Build.0 = Release|Any CPU
		{BC83F621-F66E-DF22-766E-3D5AA7CC0BF9}.Debug|Any CPU.ActiveCfg = Debug|Any CPU
		{BC83F621-F66E-DF22-766E-3D5AA7CC0BF9}.Debug|Any CPU.Build.0 = Debug|Any CPU
		{BC83F621-F66E-DF22-766E-3D5AA7CC0BF9}.Release|Any CPU.ActiveCfg = Release|Any CPU
		{BC83F621-F66E-DF22-766E-3D5AA7CC0BF9}.Release|Any CPU.Build.0 = Release|Any CPU
		{C6618659-E1B9-982D-92A2-73D89D30489A}.Debug|Any CPU.ActiveCfg = Debug|Any CPU
		{C6618659-E1B9-982D-92A2-73D89D30489A}.Debug|Any CPU.Build.0 = Debug|Any CPU
		{C6618659-E1B9-982D-92A2-73D89D30489A}.Release|Any CPU.ActiveCfg = Release|Any CPU
		{C6618659-E1B9-982D-92A2-73D89D30489A}.Release|Any CPU.Build.0 = Release|Any CPU
		{19E409E3-D1C0-05C2-BD2B-284C85AE72FF}.Debug|Any CPU.ActiveCfg = Debug|Any CPU
		{19E409E3-D1C0-05C2-BD2B-284C85AE72FF}.Debug|Any CPU.Build.0 = Debug|Any CPU
		{19E409E3-D1C0-05C2-BD2B-284C85AE72FF}.Release|Any CPU.ActiveCfg = Release|Any CPU
		{19E409E3-D1C0-05C2-BD2B-284C85AE72FF}.Release|Any CPU.Build.0 = Release|Any CPU
		{D0583B30-FC15-BA41-1BE6-38AEB4D4CE59}.Debug|Any CPU.ActiveCfg = Debug|Any CPU
		{D0583B30-FC15-BA41-1BE6-38AEB4D4CE59}.Debug|Any CPU.Build.0 = Debug|Any CPU
		{D0583B30-FC15-BA41-1BE6-38AEB4D4CE59}.Release|Any CPU.ActiveCfg = Release|Any CPU
		{D0583B30-FC15-BA41-1BE6-38AEB4D4CE59}.Release|Any CPU.Build.0 = Release|Any CPU
		{8BFFC246-E5CF-504E-802A-112A62AD23FA}.Debug|Any CPU.ActiveCfg = Debug|Any CPU
		{8BFFC246-E5CF-504E-802A-112A62AD23FA}.Debug|Any CPU.Build.0 = Debug|Any CPU
		{8BFFC246-E5CF-504E-802A-112A62AD23FA}.Release|Any CPU.ActiveCfg = Release|Any CPU
		{8BFFC246-E5CF-504E-802A-112A62AD23FA}.Release|Any CPU.Build.0 = Release|Any CPU
		{E1F9C90B-8035-84DF-B722-9946CF7FB3B2}.Debug|Any CPU.ActiveCfg = Debug|Any CPU
		{E1F9C90B-8035-84DF-B722-9946CF7FB3B2}.Debug|Any CPU.Build.0 = Debug|Any CPU
		{E1F9C90B-8035-84DF-B722-9946CF7FB3B2}.Release|Any CPU.ActiveCfg = Release|Any CPU
		{E1F9C90B-8035-84DF-B722-9946CF7FB3B2}.Release|Any CPU.Build.0 = Release|Any CPU
		{327292F9-E5E4-7127-E84B-CAA78D415A1D}.Debug|Any CPU.ActiveCfg = Debug|Any CPU
		{327292F9-E5E4-7127-E84B-CAA78D415A1D}.Debug|Any CPU.Build.0 = Debug|Any CPU
		{327292F9-E5E4-7127-E84B-CAA78D415A1D}.Release|Any CPU.ActiveCfg = Release|Any CPU
		{327292F9-E5E4-7127-E84B-CAA78D415A1D}.Release|Any CPU.Build.0 = Release|Any CPU
		{D5DE87F3-4DB0-1B32-DCDE-178DF6A2A1BF}.Debug|Any CPU.ActiveCfg = Debug|Any CPU
		{D5DE87F3-4DB0-1B32-DCDE-178DF6A2A1BF}.Debug|Any CPU.Build.0 = Debug|Any CPU
		{D5DE87F3-4DB0-1B32-DCDE-178DF6A2A1BF}.Release|Any CPU.ActiveCfg = Release|Any CPU
		{D5DE87F3-4DB0-1B32-DCDE-178DF6A2A1BF}.Release|Any CPU.Build.0 = Release|Any CPU
		{8B04D994-678F-E876-7BC6-2E8BFB2111A6}.Debug|Any CPU.ActiveCfg = Debug|Any CPU
		{8B04D994-678F-E876-7BC6-2E8BFB2111A6}.Debug|Any CPU.Build.0 = Debug|Any CPU
		{8B04D994-678F-E876-7BC6-2E8BFB2111A6}.Release|Any CPU.ActiveCfg = Release|Any CPU
		{8B04D994-678F-E876-7BC6-2E8BFB2111A6}.Release|Any CPU.Build.0 = Release|Any CPU
		{459EDEFD-62DD-75FF-75B4-EEC636E4E1BC}.Debug|Any CPU.ActiveCfg = Debug|Any CPU
		{459EDEFD-62DD-75FF-75B4-EEC636E4E1BC}.Debug|Any CPU.Build.0 = Debug|Any CPU
		{459EDEFD-62DD-75FF-75B4-EEC636E4E1BC}.Release|Any CPU.ActiveCfg = Release|Any CPU
		{459EDEFD-62DD-75FF-75B4-EEC636E4E1BC}.Release|Any CPU.Build.0 = Release|Any CPU
		{32F22AB8-1815-4923-875D-A916B548D475}.Debug|Any CPU.ActiveCfg = Debug|Any CPU
		{32F22AB8-1815-4923-875D-A916B548D475}.Debug|Any CPU.Build.0 = Debug|Any CPU
		{32F22AB8-1815-4923-875D-A916B548D475}.Release|Any CPU.ActiveCfg = Release|Any CPU
		{32F22AB8-1815-4923-875D-A916B548D475}.Release|Any CPU.Build.0 = Release|Any CPU
		{D9E0D450-0A16-F5F3-F3D9-71FF67AA8C32}.Debug|Any CPU.ActiveCfg = Debug|Any CPU
		{D9E0D450-0A16-F5F3-F3D9-71FF67AA8C32}.Debug|Any CPU.Build.0 = Debug|Any CPU
		{D9E0D450-0A16-F5F3-F3D9-71FF67AA8C32}.Release|Any CPU.ActiveCfg = Release|Any CPU
		{D9E0D450-0A16-F5F3-F3D9-71FF67AA8C32}.Release|Any CPU.Build.0 = Release|Any CPU
		{5166D153-7A23-EA6C-8ACA-4A46F88C4157}.Debug|Any CPU.ActiveCfg = Debug|Any CPU
		{5166D153-7A23-EA6C-8ACA-4A46F88C4157}.Debug|Any CPU.Build.0 = Debug|Any CPU
		{5166D153-7A23-EA6C-8ACA-4A46F88C4157}.Release|Any CPU.ActiveCfg = Release|Any CPU
		{5166D153-7A23-EA6C-8ACA-4A46F88C4157}.Release|Any CPU.Build.0 = Release|Any CPU
		{8E7A4A78-1E5E-5647-A961-6C119E665674}.Debug|Any CPU.ActiveCfg = Debug|Any CPU
		{8E7A4A78-1E5E-5647-A961-6C119E665674}.Debug|Any CPU.Build.0 = Debug|Any CPU
		{8E7A4A78-1E5E-5647-A961-6C119E665674}.Release|Any CPU.ActiveCfg = Release|Any CPU
		{8E7A4A78-1E5E-5647-A961-6C119E665674}.Release|Any CPU.Build.0 = Release|Any CPU
		{88EFBFC0-6A2D-B557-AFAE-001F4851DF58}.Debug|Any CPU.ActiveCfg = Debug|Any CPU
		{88EFBFC0-6A2D-B557-AFAE-001F4851DF58}.Debug|Any CPU.Build.0 = Debug|Any CPU
		{88EFBFC0-6A2D-B557-AFAE-001F4851DF58}.Release|Any CPU.ActiveCfg = Release|Any CPU
		{88EFBFC0-6A2D-B557-AFAE-001F4851DF58}.Release|Any CPU.Build.0 = Release|Any CPU
	EndGlobalSection
	GlobalSection(SolutionProperties) = preSolution
		HideSolutionNode = FALSE
	EndGlobalSection
EndGlobal
